
Microsoft Visual Studio Solution File, Format Version 12.00
# Visual Studio Version 16
VisualStudioVersion = 16.0.31613.86
MinimumVisualStudioVersion = 10.0.40219.1
Project("{FAE04EC0-301F-11D3-BF4B-00C04F79EFBC}") = "ContentViewAndStylesXamarin.Android", "ContentViewAndStylesXamarin\ContentViewAndStylesXamarin.Android\ContentViewAndStylesXamarin.Android.csproj", "{28785452-84C1-4EF1-9889-269AF9BA45ED}"
EndProject
Project("{FAE04EC0-301F-11D3-BF4B-00C04F79EFBC}") = "ContentViewAndStylesXamarin", "ContentViewAndStylesXamarin\ContentViewAndStylesXamarin\ContentViewAndStylesXamarin.csproj", "{2FCD41D1-1704-4A9E-B1CE-5F4D9D532B13}"
EndProject
Global
	GlobalSection(SolutionConfigurationPlatforms) = preSolution
		Debug|Any CPU = Debug|Any CPU
		Release|Any CPU = Release|Any CPU
	EndGlobalSection
	GlobalSection(ProjectConfigurationPlatforms) = postSolution
		{28785452-84C1-4EF1-9889-269AF9BA45ED}.Debug|Any CPU.ActiveCfg = Debug|Any CPU
		{28785452-84C1-4EF1-9889-269AF9BA45ED}.Debug|Any CPU.Build.0 = Debug|Any CPU
		{28785452-84C1-4EF1-9889-269AF9BA45ED}.Debug|Any CPU.Deploy.0 = Debug|Any CPU
		{28785452-84C1-4EF1-9889-269AF9BA45ED}.Release|Any CPU.ActiveCfg = Release|Any CPU
		{28785452-84C1-4EF1-9889-269AF9BA45ED}.Release|Any CPU.Build.0 = Release|Any CPU
		{28785452-84C1-4EF1-9889-269AF9BA45ED}.Release|Any CPU.Deploy.0 = Release|Any CPU
		{2FCD41D1-1704-4A9E-B1CE-5F4D9D532B13}.Debug|Any CPU.ActiveCfg = Debug|Any CPU
		{2FCD41D1-1704-4A9E-B1CE-5F4D9D532B13}.Debug|Any CPU.Build.0 = Debug|Any CPU
		{2FCD41D1-1704-4A9E-B1CE-5F4D9D532B13}.Debug|Any CPU.Deploy.0 = Debug|Any CPU
		{2FCD41D1-1704-4A9E-B1CE-5F4D9D532B13}.Release|Any CPU.ActiveCfg = Release|Any CPU
		{2FCD41D1-1704-4A9E-B1CE-5F4D9D532B13}.Release|Any CPU.Build.0 = Release|Any CPU
		{2FCD41D1-1704-4A9E-B1CE-5F4D9D532B13}.Release|Any CPU.Deploy.0 = Release|Any CPU
	EndGlobalSection
	GlobalSection(SolutionProperties) = preSolution
		HideSolutionNode = FALSE
	EndGlobalSection
	GlobalSection(ExtensibilityGlobals) = postSolution
		SolutionGuid = {2F30C193-9231-4E42-BDB5-7B98A88AC529}
	EndGlobalSection
EndGlobal
